
Microsoft Visual Studio Solution File, Format Version 12.00
# Visual Studio 15
VisualStudioVersion = 15.0.28307.329
MinimumVisualStudioVersion = 10.0.40219.1
Project("{FAE04EC0-301F-11D3-BF4B-00C04F79EFBC}") = "HWID_CHNGR", "HWID_CHNGR\HWID_CHNGR.csproj", "{16D64137-EC53-42DB-AB8B-3394296DDCE7}"
EndProject
Global
	GlobalSection(SolutionConfigurationPlatforms) = preSolution
		Debug|Any CPU = Debug|Any CPU
		Release|Any CPU = Release|Any CPU
	EndGlobalSection
	GlobalSection(ProjectConfigurationPlatforms) = postSolution
		{16D64137-EC53-42DB-AB8B-3394296DDCE7}.Debug|Any CPU.ActiveCfg = Debug|Any CPU
		{16D64137-EC53-42DB-AB8B-3394296DDCE7}.Debug|Any CPU.Build.0 = Debug|Any CPU
		{16D64137-EC53-42DB-AB8B-3394296DDCE7}.Release|Any CPU.ActiveCfg = Release|Any CPU
		{16D64137-EC53-42DB-AB8B-3394296DDCE7}.Release|Any CPU.Build.0 = Release|Any CPU
	EndGlobalSection
	GlobalSection(SolutionProperties) = preSolution
		HideSolutionNode = FALSE
	EndGlobalSection
	GlobalSection(ExtensibilityGlobals) = postSolution
		SolutionGuid = {D4E03B42-69D9-4BB2-9E73-1A47F4BD163A}
	EndGlobalSection
EndGlobal
